
Microsoft Visual Studio Solution File, Format Version 12.00
# Visual Studio Version 17
VisualStudioVersion = 17.2.32630.192
MinimumVisualStudioVersion = 10.0.40219.1
Project("{FAE04EC0-301F-11D3-BF4B-00C04F79EFBC}") = "E-Commerce", "E-Commerce\E-Commerce.csproj", "{5A52A837-7692-4C86-8CF8-9CC3799C9B17}"
EndProject
Global
	GlobalSection(SolutionConfigurationPlatforms) = preSolution
		Debug|Any CPU = Debug|Any CPU
		Release|Any CPU = Release|Any CPU
	EndGlobalSection
	GlobalSection(ProjectConfigurationPlatforms) = postSolution
		{5A52A837-7692-4C86-8CF8-9CC3799C9B17}.Debug|Any CPU.ActiveCfg = Debug|Any CPU
		{5A52A837-7692-4C86-8CF8-9CC3799C9B17}.Debug|Any CPU.Build.0 = Debug|Any CPU
		{5A52A837-7692-4C86-8CF8-9CC3799C9B17}.Release|Any CPU.ActiveCfg = Release|Any CPU
		{5A52A837-7692-4C86-8CF8-9CC3799C9B17}.Release|Any CPU.Build.0 = Release|Any CPU
	EndGlobalSection
	GlobalSection(SolutionProperties) = preSolution
		HideSolutionNode = FALSE
	EndGlobalSection
	GlobalSection(ExtensibilityGlobals) = postSolution
		SolutionGuid = {947C056E-C8F8-41B8-B301-CACC8DE38222}
	EndGlobalSection
EndGlobal
